
Microsoft Visual Studio Solution File, Format Version 12.00
# Visual Studio Version 17
VisualStudioVersion = 17.13.35931.197
MinimumVisualStudioVersion = 10.0.40219.1
Project("{FAE04EC0-301F-11D3-BF4B-00C04F79EFBC}") = "ShellCrafter", "ShellCrafter\ShellCrafter.csproj", "{739BFA1A-75A7-4A64-AACD-F644F97CBD23}"
EndProject
Project("{FAE04EC0-301F-11D3-BF4B-00C04F79EFBC}") = "ShellCrafter.Tests", "ShellCrafter.Tests\ShellCrafter.Tests.csproj", "{A61FC202-2E9A-225D-6255-0B0D9F0367A6}"
EndProject
Project("{2150E333-8FDC-42A3-9474-1A3956D46DE8}") = "Solution Items", "Solution Items", "{8EC462FD-D22E-90A8-E5CE-7E832BA40C5D}"
	ProjectSection(SolutionItems) = preProject
		README.md = README.md
		.github\workflows\release-assets.yml = .github\workflows\release-assets.yml
	EndProjectSection
EndProject
Global
	GlobalSection(SolutionConfigurationPlatforms) = preSolution
		Debug|Any CPU = Debug|Any CPU
		Release|Any CPU = Release|Any CPU
	EndGlobalSection
	GlobalSection(ProjectConfigurationPlatforms) = postSolution
		{739BFA1A-75A7-4A64-AACD-F644F97CBD23}.Debug|Any CPU.ActiveCfg = Debug|Any CPU
		{739BFA1A-75A7-4A64-AACD-F644F97CBD23}.Debug|Any CPU.Build.0 = Debug|Any CPU
		{739BFA1A-75A7-4A64-AACD-F644F97CBD23}.Release|Any CPU.ActiveCfg = Release|Any CPU
		{739BFA1A-75A7-4A64-AACD-F644F97CBD23}.Release|Any CPU.Build.0 = Release|Any CPU
		{A61FC202-2E9A-225D-6255-0B0D9F0367A6}.Debug|Any CPU.ActiveCfg = Debug|Any CPU
		{A61FC202-2E9A-225D-6255-0B0D9F0367A6}.Debug|Any CPU.Build.0 = Debug|Any CPU
		{A61FC202-2E9A-225D-6255-0B0D9F0367A6}.Release|Any CPU.ActiveCfg = Release|Any CPU
		{A61FC202-2E9A-225D-6255-0B0D9F0367A6}.Release|Any CPU.Build.0 = Release|Any CPU
	EndGlobalSection
	GlobalSection(SolutionProperties) = preSolution
		HideSolutionNode = FALSE
	EndGlobalSection
	GlobalSection(ExtensibilityGlobals) = postSolution
		SolutionGuid = {9A5E9419-F1B6-4F3C-91EA-3EE7DD80CD84}
	EndGlobalSection
EndGlobal
